
Microsoft Visual Studio Solution File, Format Version 12.00
# Visual Studio Version 17
VisualStudioVersion = 17.5.002.0
MinimumVisualStudioVersion = 10.0.40219.1
Project("{9A19103F-16F7-4668-BE54-9A1E7A4F7556}") = "test", "test.csproj", "{84B1BCBF-3027-4905-A4A8-FB2CADFEF382}"
EndProject
Global
	GlobalSection(SolutionConfigurationPlatforms) = preSolution
		Debug|Any CPU = Debug|Any CPU
		Release|Any CPU = Release|Any CPU
	EndGlobalSection
	GlobalSection(ProjectConfigurationPlatforms) = postSolution
		{84B1BCBF-3027-4905-A4A8-FB2CADFEF382}.Debug|Any CPU.ActiveCfg = Debug|Any CPU
		{84B1BCBF-3027-4905-A4A8-FB2CADFEF382}.Debug|Any CPU.Build.0 = Debug|Any CPU
		{84B1BCBF-3027-4905-A4A8-FB2CADFEF382}.Release|Any CPU.ActiveCfg = Release|Any CPU
		{84B1BCBF-3027-4905-A4A8-FB2CADFEF382}.Release|Any CPU.Build.0 = Release|Any CPU
	EndGlobalSection
	GlobalSection(SolutionProperties) = preSolution
		HideSolutionNode = FALSE
	EndGlobalSection
	GlobalSection(ExtensibilityGlobals) = postSolution
		SolutionGuid = {730F584A-9092-4CB0-8450-5F90870D7F25}
	EndGlobalSection
EndGlobal
